
Microsoft Visual Studio Solution File, Format Version 12.00
# Visual Studio Version 16
VisualStudioVersion = 16.0.32407.337
MinimumVisualStudioVersion = 10.0.40219.1
Project("{FAE04EC0-301F-11D3-BF4B-00C04F79EFBC}") = "DemoUser.API", "DemoUser.API\DemoUser.API.csproj", "{26E8FCF5-D458-4B3F-8D8D-9B211CA8C055}"
EndProject
Project("{FAE04EC0-301F-11D3-BF4B-00C04F79EFBC}") = "DemoUser.Mvc", "DemoUser.Mvc\DemoUser.Mvc.csproj", "{3B86DC38-184F-47AF-9245-DBD79F1CB769}"
EndProject
Global
	GlobalSection(SolutionConfigurationPlatforms) = preSolution
		Debug|Any CPU = Debug|Any CPU
		Release|Any CPU = Release|Any CPU
	EndGlobalSection
	GlobalSection(ProjectConfigurationPlatforms) = postSolution
		{26E8FCF5-D458-4B3F-8D8D-9B211CA8C055}.Debug|Any CPU.ActiveCfg = Debug|Any CPU
		{26E8FCF5-D458-4B3F-8D8D-9B211CA8C055}.Debug|Any CPU.Build.0 = Debug|Any CPU
		{26E8FCF5-D458-4B3F-8D8D-9B211CA8C055}.Release|Any CPU.ActiveCfg = Release|Any CPU
		{26E8FCF5-D458-4B3F-8D8D-9B211CA8C055}.Release|Any CPU.Build.0 = Release|Any CPU
		{3B86DC38-184F-47AF-9245-DBD79F1CB769}.Debug|Any CPU.ActiveCfg = Debug|Any CPU
		{3B86DC38-184F-47AF-9245-DBD79F1CB769}.Debug|Any CPU.Build.0 = Debug|Any CPU
		{3B86DC38-184F-47AF-9245-DBD79F1CB769}.Release|Any CPU.ActiveCfg = Release|Any CPU
		{3B86DC38-184F-47AF-9245-DBD79F1CB769}.Release|Any CPU.Build.0 = Release|Any CPU
	EndGlobalSection
	GlobalSection(SolutionProperties) = preSolution
		HideSolutionNode = FALSE
	EndGlobalSection
	GlobalSection(ExtensibilityGlobals) = postSolution
		SolutionGuid = {B531D377-0DF1-44E3-8D03-CE292B5712BC}
	EndGlobalSection
EndGlobal
